
Microsoft Visual Studio Solution File, Format Version 12.00
# Visual Studio Version 17
VisualStudioVersion = 17.3.32922.545
MinimumVisualStudioVersion = 10.0.40219.1
Project("{9A19103F-16F7-4668-BE54-9A1E7A4F7556}") = "PuppeteerSharp.Replay", "PuppeteerSharp.Replay\PuppeteerSharp.Replay.csproj", "{F599FB01-3719-480E-9EAA-CCCDC05D8EB4}"
EndProject
Project("{FAE04EC0-301F-11D3-BF4B-00C04F79EFBC}") = "PuppeteerSharp.Replay.Tests", "PuppeteerSharp.Replay.Tests\PuppeteerSharp.Replay.Tests.csproj", "{BE3B5404-D759-44FD-8874-77AAC7B6C7DE}"
EndProject
Global
	GlobalSection(SolutionConfigurationPlatforms) = preSolution
		Debug|Any CPU = Debug|Any CPU
		Release|Any CPU = Release|Any CPU
	EndGlobalSection
	GlobalSection(ProjectConfigurationPlatforms) = postSolution
		{F599FB01-3719-480E-9EAA-CCCDC05D8EB4}.Debug|Any CPU.ActiveCfg = Debug|Any CPU
		{F599FB01-3719-480E-9EAA-CCCDC05D8EB4}.Debug|Any CPU.Build.0 = Debug|Any CPU
		{F599FB01-3719-480E-9EAA-CCCDC05D8EB4}.Release|Any CPU.ActiveCfg = Release|Any CPU
		{F599FB01-3719-480E-9EAA-CCCDC05D8EB4}.Release|Any CPU.Build.0 = Release|Any CPU
		{BE3B5404-D759-44FD-8874-77AAC7B6C7DE}.Debug|Any CPU.ActiveCfg = Debug|Any CPU
		{BE3B5404-D759-44FD-8874-77AAC7B6C7DE}.Debug|Any CPU.Build.0 = Debug|Any CPU
		{BE3B5404-D759-44FD-8874-77AAC7B6C7DE}.Release|Any CPU.ActiveCfg = Release|Any CPU
		{BE3B5404-D759-44FD-8874-77AAC7B6C7DE}.Release|Any CPU.Build.0 = Release|Any CPU
	EndGlobalSection
	GlobalSection(SolutionProperties) = preSolution
		HideSolutionNode = FALSE
	EndGlobalSection
	GlobalSection(ExtensibilityGlobals) = postSolution
		SolutionGuid = {AD5E5E66-8A40-4228-B048-59CDDAD3CED0}
	EndGlobalSection
EndGlobal
